
Microsoft Visual Studio Solution File, Format Version 12.00
# Visual Studio 15
VisualStudioVersion = 15.0.28307.572
MinimumVisualStudioVersion = 10.0.40219.1
Project("{FAE04EC0-301F-11D3-BF4B-00C04F79EFBC}") = "Test", "Test\Test.csproj", "{D2CA5480-E498-46E8-8F22-D0512BB00A0C}"
EndProject
Project("{FAE04EC0-301F-11D3-BF4B-00C04F79EFBC}") = "SpeakingLanguage.Library", "SpeakingLanguage.Library\SpeakingLanguage.Library.csproj", "{AAD28EED-2523-428D-AF3C-59079F0FF3CF}"
EndProject
Project("{FAE04EC0-301F-11D3-BF4B-00C04F79EFBC}") = "SpeakingLanguage.Logic", "SpeakingLanguage.Logic\SpeakingLanguage.Logic.csproj", "{4A3A227D-6679-4AC3-BC63-5EB8438FCF61}"
EndProject
Project("{FAE04EC0-301F-11D3-BF4B-00C04F79EFBC}") = "SpeakingLanguage.Table", "SpeakingLanguage.Table\SpeakingLanguage.Table.csproj", "{221DB2E7-9886-4C54-997E-489169872184}"
EndProject
Project("{FAE04EC0-301F-11D3-BF4B-00C04F79EFBC}") = "SpeakingLanguage.Event", "SpeakingLanguage.Event\SpeakingLanguage.Event.csproj", "{EF42DED6-1110-4328-8A1B-A9570C9E6503}"
EndProject
Global
	GlobalSection(SolutionConfigurationPlatforms) = preSolution
		Debug|Any CPU = Debug|Any CPU
		Release|Any CPU = Release|Any CPU
	EndGlobalSection
	GlobalSection(ProjectConfigurationPlatforms) = postSolution
		{D2CA5480-E498-46E8-8F22-D0512BB00A0C}.Debug|Any CPU.ActiveCfg = Debug|Any CPU
		{D2CA5480-E498-46E8-8F22-D0512BB00A0C}.Debug|Any CPU.Build.0 = Debug|Any CPU
		{D2CA5480-E498-46E8-8F22-D0512BB00A0C}.Release|Any CPU.ActiveCfg = Release|Any CPU
		{D2CA5480-E498-46E8-8F22-D0512BB00A0C}.Release|Any CPU.Build.0 = Release|Any CPU
		{AAD28EED-2523-428D-AF3C-59079F0FF3CF}.Debug|Any CPU.ActiveCfg = Debug|Any CPU
		{AAD28EED-2523-428D-AF3C-59079F0FF3CF}.Debug|Any CPU.Build.0 = Debug|Any CPU
		{AAD28EED-2523-428D-AF3C-59079F0FF3CF}.Release|Any CPU.ActiveCfg = Release|Any CPU
		{AAD28EED-2523-428D-AF3C-59079F0FF3CF}.Release|Any CPU.Build.0 = Release|Any CPU
		{4A3A227D-6679-4AC3-BC63-5EB8438FCF61}.Debug|Any CPU.ActiveCfg = Debug|Any CPU
		{4A3A227D-6679-4AC3-BC63-5EB8438FCF61}.Debug|Any CPU.Build.0 = Debug|Any CPU
		{4A3A227D-6679-4AC3-BC63-5EB8438FCF61}.Release|Any CPU.ActiveCfg = Release|Any CPU
		{4A3A227D-6679-4AC3-BC63-5EB8438FCF61}.Release|Any CPU.Build.0 = Release|Any CPU
		{221DB2E7-9886-4C54-997E-489169872184}.Debug|Any CPU.ActiveCfg = Debug|Any CPU
		{221DB2E7-9886-4C54-997E-489169872184}.Debug|Any CPU.Build.0 = Debug|Any CPU
		{221DB2E7-9886-4C54-997E-489169872184}.Release|Any CPU.ActiveCfg = Release|Any CPU
		{221DB2E7-9886-4C54-997E-489169872184}.Release|Any CPU.Build.0 = Release|Any CPU
		{EF42DED6-1110-4328-8A1B-A9570C9E6503}.Debug|Any CPU.ActiveCfg = Debug|Any CPU
		{EF42DED6-1110-4328-8A1B-A9570C9E6503}.Debug|Any CPU.Build.0 = Debug|Any CPU
		{EF42DED6-1110-4328-8A1B-A9570C9E6503}.Release|Any CPU.ActiveCfg = Release|Any CPU
		{EF42DED6-1110-4328-8A1B-A9570C9E6503}.Release|Any CPU.Build.0 = Release|Any CPU
	EndGlobalSection
	GlobalSection(SolutionProperties) = preSolution
		HideSolutionNode = FALSE
	EndGlobalSection
	GlobalSection(ExtensibilityGlobals) = postSolution
		SolutionGuid = {5A0848AC-3901-4DB5-B39D-1F35139C0FAA}
	EndGlobalSection
EndGlobal
