
Microsoft Visual Studio Solution File, Format Version 12.00
# Visual Studio 15
VisualStudioVersion = 15.0.28307.572
MinimumVisualStudioVersion = 10.0.40219.1
Project("{FAE04EC0-301F-11D3-BF4B-00C04F79EFBC}") = "Test", "Test\Test.csproj", "{D2CA5480-E498-46E8-8F22-D0512BB00A0C}"
EndProject
Global
	GlobalSection(SolutionConfigurationPlatforms) = preSolution
		Debug|Any CPU = Debug|Any CPU
		Release|Any CPU = Release|Any CPU
	EndGlobalSection
	GlobalSection(ProjectConfigurationPlatforms) = postSolution
		{D2CA5480-E498-46E8-8F22-D0512BB00A0C}.Debug|Any CPU.ActiveCfg = Debug|Any CPU
		{D2CA5480-E498-46E8-8F22-D0512BB00A0C}.Debug|Any CPU.Build.0 = Debug|Any CPU
		{D2CA5480-E498-46E8-8F22-D0512BB00A0C}.Release|Any CPU.ActiveCfg = Release|Any CPU
		{D2CA5480-E498-46E8-8F22-D0512BB00A0C}.Release|Any CPU.Build.0 = Release|Any CPU
	EndGlobalSection
	GlobalSection(SolutionProperties) = preSolution
		HideSolutionNode = FALSE
	EndGlobalSection
	GlobalSection(ExtensibilityGlobals) = postSolution
		SolutionGuid = {5A0848AC-3901-4DB5-B39D-1F35139C0FAA}
	EndGlobalSection
EndGlobal
